
Microsoft Visual Studio Solution File, Format Version 12.00
# Visual Studio 2013
VisualStudioVersion = 12.0.31101.0
MinimumVisualStudioVersion = 10.0.40219.1
Project("{FAE04EC0-301F-11D3-BF4B-00C04F79EFBC}") = "USATodayBookList", "USATodayBookList.csproj", "{0D99B826-4E13-4230-BDA5-C826F80E94CE}"
EndProject
Global
	GlobalSection(SolutionConfigurationPlatforms) = preSolution
		Debug|Any CPU = Debug|Any CPU
		Release|Any CPU = Release|Any CPU
	EndGlobalSection
	GlobalSection(ProjectConfigurationPlatforms) = postSolution
		{0D99B826-4E13-4230-BDA5-C826F80E94CE}.Debug|Any CPU.ActiveCfg = Debug|Any CPU
		{0D99B826-4E13-4230-BDA5-C826F80E94CE}.Debug|Any CPU.Build.0 = Debug|Any CPU
		{0D99B826-4E13-4230-BDA5-C826F80E94CE}.Release|Any CPU.ActiveCfg = Release|Any CPU
		{0D99B826-4E13-4230-BDA5-C826F80E94CE}.Release|Any CPU.Build.0 = Release|Any CPU
	EndGlobalSection
	GlobalSection(SolutionProperties) = preSolution
		HideSolutionNode = FALSE
	EndGlobalSection
EndGlobal
